
Microsoft Visual Studio Solution File, Format Version 12.00
# Visual Studio Version 16
VisualStudioVersion = 16.0.29519.181
MinimumVisualStudioVersion = 10.0.40219.1
Project("{FAE04EC0-301F-11D3-BF4B-00C04F79EFBC}") = "US-Whal", "US-Whal\US-Whal.csproj", "{48351502-BA02-430E-82A5-99C0DDFB4971}"
EndProject
Global
	GlobalSection(SolutionConfigurationPlatforms) = preSolution
		Debug|Any CPU = Debug|Any CPU
		Release|Any CPU = Release|Any CPU
	EndGlobalSection
	GlobalSection(ProjectConfigurationPlatforms) = postSolution
		{48351502-BA02-430E-82A5-99C0DDFB4971}.Debug|Any CPU.ActiveCfg = Debug|Any CPU
		{48351502-BA02-430E-82A5-99C0DDFB4971}.Debug|Any CPU.Build.0 = Debug|Any CPU
		{48351502-BA02-430E-82A5-99C0DDFB4971}.Release|Any CPU.ActiveCfg = Release|Any CPU
		{48351502-BA02-430E-82A5-99C0DDFB4971}.Release|Any CPU.Build.0 = Release|Any CPU
	EndGlobalSection
	GlobalSection(SolutionProperties) = preSolution
		HideSolutionNode = FALSE
	EndGlobalSection
	GlobalSection(ExtensibilityGlobals) = postSolution
		SolutionGuid = {8DF78A72-9469-4A24-909C-6AB2BB1D4620}
	EndGlobalSection
EndGlobal
